
Microsoft Visual Studio Solution File, Format Version 12.00
# Visual Studio Version 17
VisualStudioVersion = 17.6.33829.357
MinimumVisualStudioVersion = 10.0.40219.1
Project("{9A19103F-16F7-4668-BE54-9A1E7A4F7556}") = "webapi", "webapi\webapi.csproj", "{A769429F-025C-4C6E-81CF-E23180F08CE5}"
EndProject
Project("{2150E333-8FDC-42A3-9474-1A3956D46DE8}") = "1 - Services", "1 - Services", "{E01B249C-E342-4A28-9086-50D6CC281B52}"
EndProject
Project("{2150E333-8FDC-42A3-9474-1A3956D46DE8}") = "4 - Infra", "4 - Infra", "{F54FFDB3-C38F-44A6-B87E-3D7CAB75131A}"
EndProject
Project("{2150E333-8FDC-42A3-9474-1A3956D46DE8}") = "Crosscutting", "Crosscutting", "{3D355BFF-F8A3-4BAC-B058-F4E08807DE57}"
EndProject
Project("{9A19103F-16F7-4668-BE54-9A1E7A4F7556}") = "ReceitaWSAPI.Infra.CrossCutting.IoC", "ReceitaWSAPI.Infra.CrossCutting.IoC\ReceitaWSAPI.Infra.CrossCutting.IoC.csproj", "{5FD6CD8E-0C02-45A2-938C-C7A7BA2E4647}"
EndProject
Project("{2150E333-8FDC-42A3-9474-1A3956D46DE8}") = "2 - Application", "2 - Application", "{D07E887D-2B03-4D49-8B3C-41A7E616972C}"
EndProject
Project("{FAE04EC0-301F-11D3-BF4B-00C04F79EFBC}") = "ReceitaWSAPI.Application", "ReceitaWSAPI.Application\ReceitaWSAPI.Application.csproj", "{577F8D77-926C-4CD4-873D-EB39371F0E2F}"
EndProject
Project("{2150E333-8FDC-42A3-9474-1A3956D46DE8}") = "3 - Domain", "3 - Domain", "{97C7996F-55B5-476F-B9D4-B36B3062450D}"
EndProject
Project("{FAE04EC0-301F-11D3-BF4B-00C04F79EFBC}") = "ReceitaWSAPI.Domain", "ReceitaWSAPI.Domain\ReceitaWSAPI.Domain.csproj", "{0F664E45-2C32-4234-94A0-2E6A93946D01}"
EndProject
Project("{2150E333-8FDC-42A3-9474-1A3956D46DE8}") = "Data", "Data", "{D606C56D-C832-485A-A88D-490742419FA4}"
EndProject
Project("{FAE04EC0-301F-11D3-BF4B-00C04F79EFBC}") = "ReceitaWSAPI.Data", "ReceitaWSAPI.Data\ReceitaWSAPI.Data.csproj", "{C56D7A81-8E4A-4364-8B50-16DD38687F01}"
EndProject
Project("{2150E333-8FDC-42A3-9474-1A3956D46DE8}") = "5 - Tests", "5 - Tests", "{03DA9CF9-D83C-461B-84E2-8E93282263CB}"
EndProject
Project("{FAE04EC0-301F-11D3-BF4B-00C04F79EFBC}") = "ReceitaWSAPI.Test", "ReceitaWSAPI.Test\ReceitaWSAPI.Test.csproj", "{86F890F7-82F4-4521-8AD6-400DAA0E93F7}"
EndProject
Global
	GlobalSection(SolutionConfigurationPlatforms) = preSolution
		Debug|Any CPU = Debug|Any CPU
		Release|Any CPU = Release|Any CPU
	EndGlobalSection
	GlobalSection(ProjectConfigurationPlatforms) = postSolution
		{A769429F-025C-4C6E-81CF-E23180F08CE5}.Debug|Any CPU.ActiveCfg = Debug|Any CPU
		{A769429F-025C-4C6E-81CF-E23180F08CE5}.Debug|Any CPU.Build.0 = Debug|Any CPU
		{A769429F-025C-4C6E-81CF-E23180F08CE5}.Release|Any CPU.ActiveCfg = Release|Any CPU
		{A769429F-025C-4C6E-81CF-E23180F08CE5}.Release|Any CPU.Build.0 = Release|Any CPU
		{5FD6CD8E-0C02-45A2-938C-C7A7BA2E4647}.Debug|Any CPU.ActiveCfg = Debug|Any CPU
		{5FD6CD8E-0C02-45A2-938C-C7A7BA2E4647}.Debug|Any CPU.Build.0 = Debug|Any CPU
		{5FD6CD8E-0C02-45A2-938C-C7A7BA2E4647}.Release|Any CPU.ActiveCfg = Release|Any CPU
		{5FD6CD8E-0C02-45A2-938C-C7A7BA2E4647}.Release|Any CPU.Build.0 = Release|Any CPU
		{577F8D77-926C-4CD4-873D-EB39371F0E2F}.Debug|Any CPU.ActiveCfg = Debug|Any CPU
		{577F8D77-926C-4CD4-873D-EB39371F0E2F}.Debug|Any CPU.Build.0 = Debug|Any CPU
		{577F8D77-926C-4CD4-873D-EB39371F0E2F}.Release|Any CPU.ActiveCfg = Release|Any CPU
		{577F8D77-926C-4CD4-873D-EB39371F0E2F}.Release|Any CPU.Build.0 = Release|Any CPU
		{0F664E45-2C32-4234-94A0-2E6A93946D01}.Debug|Any CPU.ActiveCfg = Debug|Any CPU
		{0F664E45-2C32-4234-94A0-2E6A93946D01}.Debug|Any CPU.Build.0 = Debug|Any CPU
		{0F664E45-2C32-4234-94A0-2E6A93946D01}.Release|Any CPU.ActiveCfg = Release|Any CPU
		{0F664E45-2C32-4234-94A0-2E6A93946D01}.Release|Any CPU.Build.0 = Release|Any CPU
		{C56D7A81-8E4A-4364-8B50-16DD38687F01}.Debug|Any CPU.ActiveCfg = Debug|Any CPU
		{C56D7A81-8E4A-4364-8B50-16DD38687F01}.Debug|Any CPU.Build.0 = Debug|Any CPU
		{C56D7A81-8E4A-4364-8B50-16DD38687F01}.Release|Any CPU.ActiveCfg = Release|Any CPU
		{C56D7A81-8E4A-4364-8B50-16DD38687F01}.Release|Any CPU.Build.0 = Release|Any CPU
		{86F890F7-82F4-4521-8AD6-400DAA0E93F7}.Debug|Any CPU.ActiveCfg = Debug|Any CPU
		{86F890F7-82F4-4521-8AD6-400DAA0E93F7}.Debug|Any CPU.Build.0 = Debug|Any CPU
		{86F890F7-82F4-4521-8AD6-400DAA0E93F7}.Release|Any CPU.ActiveCfg = Release|Any CPU
		{86F890F7-82F4-4521-8AD6-400DAA0E93F7}.Release|Any CPU.Build.0 = Release|Any CPU
	EndGlobalSection
	GlobalSection(SolutionProperties) = preSolution
		HideSolutionNode = FALSE
	EndGlobalSection
	GlobalSection(NestedProjects) = preSolution
		{A769429F-025C-4C6E-81CF-E23180F08CE5} = {E01B249C-E342-4A28-9086-50D6CC281B52}
		{3D355BFF-F8A3-4BAC-B058-F4E08807DE57} = {F54FFDB3-C38F-44A6-B87E-3D7CAB75131A}
		{5FD6CD8E-0C02-45A2-938C-C7A7BA2E4647} = {3D355BFF-F8A3-4BAC-B058-F4E08807DE57}
		{577F8D77-926C-4CD4-873D-EB39371F0E2F} = {D07E887D-2B03-4D49-8B3C-41A7E616972C}
		{0F664E45-2C32-4234-94A0-2E6A93946D01} = {97C7996F-55B5-476F-B9D4-B36B3062450D}
		{D606C56D-C832-485A-A88D-490742419FA4} = {F54FFDB3-C38F-44A6-B87E-3D7CAB75131A}
		{C56D7A81-8E4A-4364-8B50-16DD38687F01} = {D606C56D-C832-485A-A88D-490742419FA4}
		{86F890F7-82F4-4521-8AD6-400DAA0E93F7} = {03DA9CF9-D83C-461B-84E2-8E93282263CB}
	EndGlobalSection
	GlobalSection(ExtensibilityGlobals) = postSolution
		SolutionGuid = {32FAE50A-8E37-4C4A-8F81-EC1E65E31360}
	EndGlobalSection
EndGlobal
