
Microsoft Visual Studio Solution File, Format Version 12.00
# Visual Studio Version 17
VisualStudioVersion = 17.6.33829.357
MinimumVisualStudioVersion = 10.0.40219.1
Project("{9A19103F-16F7-4668-BE54-9A1E7A4F7556}") = "webapi", "webapi\webapi.csproj", "{A769429F-025C-4C6E-81CF-E23180F08CE5}"
EndProject
Project("{2150E333-8FDC-42A3-9474-1A3956D46DE8}") = "1 - Services", "1 - Services", "{E01B249C-E342-4A28-9086-50D6CC281B52}"
EndProject
Project("{2150E333-8FDC-42A3-9474-1A3956D46DE8}") = "2 - Application", "2 - Application", "{533DDDDE-6A93-48FB-9B31-A8348F8B989F}"
EndProject
Project("{9A19103F-16F7-4668-BE54-9A1E7A4F7556}") = "ReceitaWSAPI.Application", "..\ReceitaWSAPI.Application\ReceitaWSAPI.Application.csproj", "{39E694CA-6DF4-46AB-B751-E388764F3DD0}"
EndProject
Project("{2150E333-8FDC-42A3-9474-1A3956D46DE8}") = "3 - Domain", "3 - Domain", "{6AD5A425-A9E8-4426-99C7-1B41881C0005}"
EndProject
Project("{9A19103F-16F7-4668-BE54-9A1E7A4F7556}") = "ReceitaWSAPI.Domain", "..\ReceitaWSAPI.Domain\ReceitaWSAPI.Domain.csproj", "{655F683A-7271-46D4-82C7-278A0C8AF85E}"
EndProject
Project("{2150E333-8FDC-42A3-9474-1A3956D46DE8}") = "4 - Infra", "4 - Infra", "{F54FFDB3-C38F-44A6-B87E-3D7CAB75131A}"
EndProject
Project("{2150E333-8FDC-42A3-9474-1A3956D46DE8}") = "Data", "Data", "{27ED3433-C66D-4D28-AFD4-516C0EC9F4B4}"
EndProject
Project("{9A19103F-16F7-4668-BE54-9A1E7A4F7556}") = "ReceitaWSAPI.Data", "..\ReceitaWSAPI.Data\ReceitaWSAPI.Data.csproj", "{8C7012FB-8631-4120-A95E-718263E128ED}"
EndProject
Project("{2150E333-8FDC-42A3-9474-1A3956D46DE8}") = "Crosscutting", "Crosscutting", "{3D355BFF-F8A3-4BAC-B058-F4E08807DE57}"
EndProject
Project("{9A19103F-16F7-4668-BE54-9A1E7A4F7556}") = "ReceitaWSAPI.Infra.CrossCutting.IoC", "ReceitaWSAPI.Infra.CrossCutting.IoC\ReceitaWSAPI.Infra.CrossCutting.IoC.csproj", "{5FD6CD8E-0C02-45A2-938C-C7A7BA2E4647}"
EndProject
Project("{2150E333-8FDC-42A3-9474-1A3956D46DE8}") = "5 - Tests", "5 - Tests", "{1A9F21A9-2C64-4821-B1BE-BD7488C0CF5B}"
EndProject
Project("{9A19103F-16F7-4668-BE54-9A1E7A4F7556}") = "ReceitaWSAPI.Tests", "ReceitaWSAPI\ReceitaWSAPI.Tests.csproj", "{59943505-F969-4736-BC9C-AAC72B568F68}"
EndProject
Global
	GlobalSection(SolutionConfigurationPlatforms) = preSolution
		Debug|Any CPU = Debug|Any CPU
		Release|Any CPU = Release|Any CPU
	EndGlobalSection
	GlobalSection(ProjectConfigurationPlatforms) = postSolution
		{A769429F-025C-4C6E-81CF-E23180F08CE5}.Debug|Any CPU.ActiveCfg = Debug|Any CPU
		{A769429F-025C-4C6E-81CF-E23180F08CE5}.Debug|Any CPU.Build.0 = Debug|Any CPU
		{A769429F-025C-4C6E-81CF-E23180F08CE5}.Release|Any CPU.ActiveCfg = Release|Any CPU
		{A769429F-025C-4C6E-81CF-E23180F08CE5}.Release|Any CPU.Build.0 = Release|Any CPU
		{39E694CA-6DF4-46AB-B751-E388764F3DD0}.Debug|Any CPU.ActiveCfg = Debug|Any CPU
		{39E694CA-6DF4-46AB-B751-E388764F3DD0}.Debug|Any CPU.Build.0 = Debug|Any CPU
		{39E694CA-6DF4-46AB-B751-E388764F3DD0}.Release|Any CPU.ActiveCfg = Release|Any CPU
		{39E694CA-6DF4-46AB-B751-E388764F3DD0}.Release|Any CPU.Build.0 = Release|Any CPU
		{655F683A-7271-46D4-82C7-278A0C8AF85E}.Debug|Any CPU.ActiveCfg = Debug|Any CPU
		{655F683A-7271-46D4-82C7-278A0C8AF85E}.Debug|Any CPU.Build.0 = Debug|Any CPU
		{655F683A-7271-46D4-82C7-278A0C8AF85E}.Release|Any CPU.ActiveCfg = Release|Any CPU
		{655F683A-7271-46D4-82C7-278A0C8AF85E}.Release|Any CPU.Build.0 = Release|Any CPU
		{8C7012FB-8631-4120-A95E-718263E128ED}.Debug|Any CPU.ActiveCfg = Debug|Any CPU
		{8C7012FB-8631-4120-A95E-718263E128ED}.Debug|Any CPU.Build.0 = Debug|Any CPU
		{8C7012FB-8631-4120-A95E-718263E128ED}.Release|Any CPU.ActiveCfg = Release|Any CPU
		{8C7012FB-8631-4120-A95E-718263E128ED}.Release|Any CPU.Build.0 = Release|Any CPU
		{5FD6CD8E-0C02-45A2-938C-C7A7BA2E4647}.Debug|Any CPU.ActiveCfg = Debug|Any CPU
		{5FD6CD8E-0C02-45A2-938C-C7A7BA2E4647}.Debug|Any CPU.Build.0 = Debug|Any CPU
		{5FD6CD8E-0C02-45A2-938C-C7A7BA2E4647}.Release|Any CPU.ActiveCfg = Release|Any CPU
		{5FD6CD8E-0C02-45A2-938C-C7A7BA2E4647}.Release|Any CPU.Build.0 = Release|Any CPU
		{59943505-F969-4736-BC9C-AAC72B568F68}.Debug|Any CPU.ActiveCfg = Debug|Any CPU
		{59943505-F969-4736-BC9C-AAC72B568F68}.Debug|Any CPU.Build.0 = Debug|Any CPU
		{59943505-F969-4736-BC9C-AAC72B568F68}.Release|Any CPU.ActiveCfg = Release|Any CPU
		{59943505-F969-4736-BC9C-AAC72B568F68}.Release|Any CPU.Build.0 = Release|Any CPU
	EndGlobalSection
	GlobalSection(SolutionProperties) = preSolution
		HideSolutionNode = FALSE
	EndGlobalSection
	GlobalSection(NestedProjects) = preSolution
		{A769429F-025C-4C6E-81CF-E23180F08CE5} = {E01B249C-E342-4A28-9086-50D6CC281B52}
		{39E694CA-6DF4-46AB-B751-E388764F3DD0} = {533DDDDE-6A93-48FB-9B31-A8348F8B989F}
		{655F683A-7271-46D4-82C7-278A0C8AF85E} = {6AD5A425-A9E8-4426-99C7-1B41881C0005}
		{27ED3433-C66D-4D28-AFD4-516C0EC9F4B4} = {F54FFDB3-C38F-44A6-B87E-3D7CAB75131A}
		{8C7012FB-8631-4120-A95E-718263E128ED} = {27ED3433-C66D-4D28-AFD4-516C0EC9F4B4}
		{3D355BFF-F8A3-4BAC-B058-F4E08807DE57} = {F54FFDB3-C38F-44A6-B87E-3D7CAB75131A}
		{5FD6CD8E-0C02-45A2-938C-C7A7BA2E4647} = {3D355BFF-F8A3-4BAC-B058-F4E08807DE57}
		{59943505-F969-4736-BC9C-AAC72B568F68} = {1A9F21A9-2C64-4821-B1BE-BD7488C0CF5B}
	EndGlobalSection
	GlobalSection(ExtensibilityGlobals) = postSolution
		SolutionGuid = {32FAE50A-8E37-4C4A-8F81-EC1E65E31360}
	EndGlobalSection
EndGlobal
